
Microsoft Visual Studio Solution File, Format Version 11.00
# Visual Studio 2010
Project("{F184B08F-C81C-45F6-A57F-5ABD9991F28F}") = "lightpoleUser", "lightpoleUser.vbproj", "{3087E34F-0626-4716-8DA4-67823CB5BC1B}"
EndProject
Global
	GlobalSection(SolutionConfigurationPlatforms) = preSolution
		Debug|Any CPU = Debug|Any CPU
		Release|Any CPU = Release|Any CPU
	EndGlobalSection
	GlobalSection(ProjectConfigurationPlatforms) = postSolution
		{3087E34F-0626-4716-8DA4-67823CB5BC1B}.Debug|Any CPU.ActiveCfg = Debug|Any CPU
		{3087E34F-0626-4716-8DA4-67823CB5BC1B}.Debug|Any CPU.Build.0 = Debug|Any CPU
		{3087E34F-0626-4716-8DA4-67823CB5BC1B}.Release|Any CPU.ActiveCfg = Release|Any CPU
		{3087E34F-0626-4716-8DA4-67823CB5BC1B}.Release|Any CPU.Build.0 = Release|Any CPU
	EndGlobalSection
	GlobalSection(SolutionProperties) = preSolution
		HideSolutionNode = FALSE
	EndGlobalSection
EndGlobal
